
Microsoft Visual Studio Solution File, Format Version 12.00
# Visual Studio Version 17
VisualStudioVersion = 17.11.35303.130
MinimumVisualStudioVersion = 10.0.40219.1
Project("{FAE04EC0-301F-11D3-BF4B-00C04F79EFBC}") = "ecuacion", "ecuacion\ecuacion.csproj", "{C67B47B8-559D-48C7-ACEE-10FCC0B7C736}"
EndProject
Global
	GlobalSection(SolutionConfigurationPlatforms) = preSolution
		Debug|Any CPU = Debug|Any CPU
		Release|Any CPU = Release|Any CPU
	EndGlobalSection
	GlobalSection(ProjectConfigurationPlatforms) = postSolution
		{C67B47B8-559D-48C7-ACEE-10FCC0B7C736}.Debug|Any CPU.ActiveCfg = Debug|Any CPU
		{C67B47B8-559D-48C7-ACEE-10FCC0B7C736}.Debug|Any CPU.Build.0 = Debug|Any CPU
		{C67B47B8-559D-48C7-ACEE-10FCC0B7C736}.Release|Any CPU.ActiveCfg = Release|Any CPU
		{C67B47B8-559D-48C7-ACEE-10FCC0B7C736}.Release|Any CPU.Build.0 = Release|Any CPU
	EndGlobalSection
	GlobalSection(SolutionProperties) = preSolution
		HideSolutionNode = FALSE
	EndGlobalSection
	GlobalSection(ExtensibilityGlobals) = postSolution
		SolutionGuid = {B822E5FC-6A97-49C4-8290-0AE4566E3A2A}
	EndGlobalSection
EndGlobal
